
Microsoft Visual Studio Solution File, Format Version 12.00
# Visual Studio Version 17
VisualStudioVersion = 17.9.34622.214
MinimumVisualStudioVersion = 10.0.40219.1
Project("{FAE04EC0-301F-11D3-BF4B-00C04F79EFBC}") = "MovieRatings", "MovieRatings\MovieRatings.csproj", "{30A82D8D-6DCF-4351-AC30-2D34ACD46024}"
EndProject
Global
	GlobalSection(SolutionConfigurationPlatforms) = preSolution
		Debug|Any CPU = Debug|Any CPU
		Release|Any CPU = Release|Any CPU
	EndGlobalSection
	GlobalSection(ProjectConfigurationPlatforms) = postSolution
		{30A82D8D-6DCF-4351-AC30-2D34ACD46024}.Debug|Any CPU.ActiveCfg = Debug|Any CPU
		{30A82D8D-6DCF-4351-AC30-2D34ACD46024}.Debug|Any CPU.Build.0 = Debug|Any CPU
		{30A82D8D-6DCF-4351-AC30-2D34ACD46024}.Release|Any CPU.ActiveCfg = Release|Any CPU
		{30A82D8D-6DCF-4351-AC30-2D34ACD46024}.Release|Any CPU.Build.0 = Release|Any CPU
	EndGlobalSection
	GlobalSection(SolutionProperties) = preSolution
		HideSolutionNode = FALSE
	EndGlobalSection
	GlobalSection(ExtensibilityGlobals) = postSolution
		SolutionGuid = {58DAAD50-090B-4183-820A-5DFFD7F28CED}
	EndGlobalSection
EndGlobal
